// !$*UTF8*$!
{
	archiveVersion = 1;
	classes = {
	};
	objectVersion = 50;
	objects = {

/* Begin PBXBuildFile section */
		46137F1F2575D76A0066336A /* HMLabel.swift in Sources */ = {isa = PBXBuildFile; fileRef = 46137F1E2575D76A0066336A /* HMLabel.swift */; };
		469C19BD2573EEDB0029B9C3 /* AppDelegate.swift in Sources */ = {isa = PBXBuildFile; fileRef = 469C19BC2573EEDB0029B9C3 /* AppDelegate.swift */; };
		469C19BF2573EEDB0029B9C3 /* SceneDelegate.swift in Sources */ = {isa = PBXBuildFile; fileRef = 469C19BE2573EEDB0029B9C3 /* SceneDelegate.swift */; };
		469C19C12573EEDB0029B9C3 /* InitialVC.swift in Sources */ = {isa = PBXBuildFile; fileRef = 469C19C02573EEDB0029B9C3 /* InitialVC.swift */; };
		469C19C62573EEDC0029B9C3 /* Assets.xcassets in Resources */ = {isa = PBXBuildFile; fileRef = 469C19C52573EEDC0029B9C3 /* Assets.xcassets */; };
		469C19D92573F7560029B9C3 /* HMButton.swift in Sources */ = {isa = PBXBuildFile; fileRef = 469C19D82573F7560029B9C3 /* HMButton.swift */; };
		469C19DC2573FB4C0029B9C3 /* HMTextField.swift in Sources */ = {isa = PBXBuildFile; fileRef = 469C19DB2573FB4C0029B9C3 /* HMTextField.swift */; };
		469C19E625744F6F0029B9C3 /* GameVC.swift in Sources */ = {isa = PBXBuildFile; fileRef = 469C19E525744F6F0029B9C3 /* GameVC.swift */; };
		469C19EB257450020029B9C3 /* RankingVC.swift in Sources */ = {isa = PBXBuildFile; fileRef = 469C19EA257450020029B9C3 /* RankingVC.swift */; };
		46A0F666257C689F005441DB /* String+Ext.swift in Sources */ = {isa = PBXBuildFile; fileRef = 46A0F665257C689F005441DB /* String+Ext.swift */; };
		46D7D3732575DC6B0039FB69 /* RegisterVC.swift in Sources */ = {isa = PBXBuildFile; fileRef = 46D7D3722575DC6B0039FB69 /* RegisterVC.swift */; };
		46F58585257723F9002D205C /* HMTitleLabel.swift in Sources */ = {isa = PBXBuildFile; fileRef = 46F58584257723F9002D205C /* HMTitleLabel.swift */; };
		46F5858825772598002D205C /* HMBodyLabel.swift in Sources */ = {isa = PBXBuildFile; fileRef = 46F5858725772598002D205C /* HMBodyLabel.swift */; };
		46F5858B25772658002D205C /* HMAlertVC.swift in Sources */ = {isa = PBXBuildFile; fileRef = 46F5858A25772658002D205C /* HMAlertVC.swift */; };
		46F5859325772E33002D205C /* HMAlertContainerView.swift in Sources */ = {isa = PBXBuildFile; fileRef = 46F5859225772E33002D205C /* HMAlertContainerView.swift */; };
		46F5859625773534002D205C /* UIViewController+Ext.swift in Sources */ = {isa = PBXBuildFile; fileRef = 46F5859525773534002D205C /* UIViewController+Ext.swift */; };
/* End PBXBuildFile section */

/* Begin PBXFileReference section */
		46137F1E2575D76A0066336A /* HMLabel.swift */ = {isa = PBXFileReference; lastKnownFileType = sourcecode.swift; path = HMLabel.swift; sourceTree = "<group>"; };
		469C19B92573EEDB0029B9C3 /* hangman.app */ = {isa = PBXFileReference; explicitFileType = wrapper.application; includeInIndex = 0; path = hangman.app; sourceTree = BUILT_PRODUCTS_DIR; };
		469C19BC2573EEDB0029B9C3 /* AppDelegate.swift */ = {isa = PBXFileReference; lastKnownFileType = sourcecode.swift; path = AppDelegate.swift; sourceTree = "<group>"; };
		469C19BE2573EEDB0029B9C3 /* SceneDelegate.swift */ = {isa = PBXFileReference; lastKnownFileType = sourcecode.swift; path = SceneDelegate.swift; sourceTree = "<group>"; };
		469C19C02573EEDB0029B9C3 /* InitialVC.swift */ = {isa = PBXFileReference; lastKnownFileType = sourcecode.swift; path = InitialVC.swift; sourceTree = "<group>"; };
		469C19C52573EEDC0029B9C3 /* Assets.xcassets */ = {isa = PBXFileReference; lastKnownFileType = folder.assetcatalog; path = Assets.xcassets; sourceTree = "<group>"; };
		469C19CA2573EEDC0029B9C3 /* Info.plist */ = {isa = PBXFileReference; lastKnownFileType = text.plist.xml; path = Info.plist; sourceTree = "<group>"; };
		469C19D82573F7560029B9C3 /* HMButton.swift */ = {isa = PBXFileReference; lastKnownFileType = sourcecode.swift; path = HMButton.swift; sourceTree = "<group>"; };
		469C19DB2573FB4C0029B9C3 /* HMTextField.swift */ = {isa = PBXFileReference; lastKnownFileType = sourcecode.swift; path = HMTextField.swift; sourceTree = "<group>"; };
		469C19E525744F6F0029B9C3 /* GameVC.swift */ = {isa = PBXFileReference; lastKnownFileType = sourcecode.swift; path = GameVC.swift; sourceTree = "<group>"; };
		469C19EA257450020029B9C3 /* RankingVC.swift */ = {isa = PBXFileReference; lastKnownFileType = sourcecode.swift; path = RankingVC.swift; sourceTree = "<group>"; };
		46A0F665257C689F005441DB /* String+Ext.swift */ = {isa = PBXFileReference; lastKnownFileType = sourcecode.swift; path = "String+Ext.swift"; sourceTree = "<group>"; };
		46D7D3722575DC6B0039FB69 /* RegisterVC.swift */ = {isa = PBXFileReference; lastKnownFileType = sourcecode.swift; path = RegisterVC.swift; sourceTree = "<group>"; };
		46F58584257723F9002D205C /* HMTitleLabel.swift */ = {isa = PBXFileReference; lastKnownFileType = sourcecode.swift; path = HMTitleLabel.swift; sourceTree = "<group>"; };
		46F5858725772598002D205C /* HMBodyLabel.swift */ = {isa = PBXFileReference; lastKnownFileType = sourcecode.swift; path = HMBodyLabel.swift; sourceTree = "<group>"; };
		46F5858A25772658002D205C /* HMAlertVC.swift */ = {isa = PBXFileReference; lastKnownFileType = sourcecode.swift; path = HMAlertVC.swift; sourceTree = "<group>"; };
		46F5859225772E33002D205C /* HMAlertContainerView.swift */ = {isa = PBXFileReference; lastKnownFileType = sourcecode.swift; path = HMAlertContainerView.swift; sourceTree = "<group>"; };
		46F5859525773534002D205C /* UIViewController+Ext.swift */ = {isa = PBXFileReference; lastKnownFileType = sourcecode.swift; path = "UIViewController+Ext.swift"; sourceTree = "<group>"; };
/* End PBXFileReference section */

/* Begin PBXFrameworksBuildPhase section */
		469C19B62573EEDB0029B9C3 /* Frameworks */ = {
			isa = PBXFrameworksBuildPhase;
			buildActionMask = 2147483647;
			files = (
			);
			runOnlyForDeploymentPostprocessing = 0;
		};
/* End PBXFrameworksBuildPhase section */

/* Begin PBXGroup section */
		469C19B02573EEDB0029B9C3 = {
			isa = PBXGroup;
			children = (
				469C19BB2573EEDB0029B9C3 /* hangman */,
				469C19BA2573EEDB0029B9C3 /* Products */,
			);
			sourceTree = "<group>";
		};
		469C19BA2573EEDB0029B9C3 /* Products */ = {
			isa = PBXGroup;
			children = (
				469C19B92573EEDB0029B9C3 /* hangman.app */,
			);
			name = Products;
			sourceTree = "<group>";
		};
		469C19BB2573EEDB0029B9C3 /* hangman */ = {
			isa = PBXGroup;
			children = (
				469C19BC2573EEDB0029B9C3 /* AppDelegate.swift */,
				469C19BE2573EEDB0029B9C3 /* SceneDelegate.swift */,
				469C19D82573F7560029B9C3 /* HMButton.swift */,
				469C19C02573EEDB0029B9C3 /* InitialVC.swift */,
				469C19C52573EEDC0029B9C3 /* Assets.xcassets */,
				469C19CA2573EEDC0029B9C3 /* Info.plist */,
				469C19DB2573FB4C0029B9C3 /* HMTextField.swift */,
				469C19E525744F6F0029B9C3 /* GameVC.swift */,
				469C19EA257450020029B9C3 /* RankingVC.swift */,
				46137F1E2575D76A0066336A /* HMLabel.swift */,
				46D7D3722575DC6B0039FB69 /* RegisterVC.swift */,
				46F58584257723F9002D205C /* HMTitleLabel.swift */,
				46F5858725772598002D205C /* HMBodyLabel.swift */,
				46F5858A25772658002D205C /* HMAlertVC.swift */,
				46F5859225772E33002D205C /* HMAlertContainerView.swift */,
				46F5859525773534002D205C /* UIViewController+Ext.swift */,
				46A0F665257C689F005441DB /* String+Ext.swift */,
			);
			path = hangman;
			sourceTree = "<group>";
		};
/* End PBXGroup section */

/* Begin PBXNativeTarget section */
		469C19B82573EEDB0029B9C3 /* hangman */ = {
			isa = PBXNativeTarget;
			buildConfigurationList = 469C19CD2573EEDC0029B9C3 /* Build configuration list for PBXNativeTarget "hangman" */;
			buildPhases = (
				469C19B52573EEDB0029B9C3 /* Sources */,
				469C19B62573EEDB0029B9C3 /* Frameworks */,
				469C19B72573EEDB0029B9C3 /* Resources */,
			);
			buildRules = (
			);
			dependencies = (
			);
			name = hangman;
			productName = hangman;
			productReference = 469C19B92573EEDB0029B9C3 /* hangman.app */;
			productType = "com.apple.product-type.application";
		};
/* End PBXNativeTarget section */

/* Begin PBXProject section */
		469C19B12573EEDB0029B9C3 /* Project object */ = {
			isa = PBXProject;
			attributes = {
				LastSwiftUpdateCheck = 1220;
				LastUpgradeCheck = 1220;
				TargetAttributes = {
					469C19B82573EEDB0029B9C3 = {
						CreatedOnToolsVersion = 12.2;
					};
				};
			};
			buildConfigurationList = 469C19B42573EEDB0029B9C3 /* Build configuration list for PBXProject "hangman" */;
			compatibilityVersion = "Xcode 9.3";
			developmentRegion = en;
			hasScannedForEncodings = 0;
			knownRegions = (
				en,
				Base,
			);
			mainGroup = 469C19B02573EEDB0029B9C3;
			productRefGroup = 469C19BA2573EEDB0029B9C3 /* Products */;
			projectDirPath = "";
			projectRoot = "";
			targets = (
				469C19B82573EEDB0029B9C3 /* hangman */,
			);
		};
/* End PBXProject section */

/* Begin PBXResourcesBuildPhase section */
		469C19B72573EEDB0029B9C3 /* Resources */ = {
			isa = PBXResourcesBuildPhase;
			buildActionMask = 2147483647;
			files = (
				469C19C62573EEDC0029B9C3 /* Assets.xcassets in Resources */,
			);
			runOnlyForDeploymentPostprocessing = 0;
		};
/* End PBXResourcesBuildPhase section */

/* Begin PBXSourcesBuildPhase section */
		469C19B52573EEDB0029B9C3 /* Sources */ = {
			isa = PBXSourcesBuildPhase;
			buildActionMask = 2147483647;
			files = (
				46137F1F2575D76A0066336A /* HMLabel.swift in Sources */,
				46D7D3732575DC6B0039FB69 /* RegisterVC.swift in Sources */,
				46F5859625773534002D205C /* UIViewController+Ext.swift in Sources */,
				46A0F666257C689F005441DB /* String+Ext.swift in Sources */,
				469C19C12573EEDB0029B9C3 /* InitialVC.swift in Sources */,
				469C19BD2573EEDB0029B9C3 /* AppDelegate.swift in Sources */,
				46F5858B25772658002D205C /* HMAlertVC.swift in Sources */,
				469C19DC2573FB4C0029B9C3 /* HMTextField.swift in Sources */,
				469C19D92573F7560029B9C3 /* HMButton.swift in Sources */,
				46F58585257723F9002D205C /* HMTitleLabel.swift in Sources */,
				469C19EB257450020029B9C3 /* RankingVC.swift in Sources */,
				469C19E625744F6F0029B9C3 /* GameVC.swift in Sources */,
				46F5858825772598002D205C /* HMBodyLabel.swift in Sources */,
				46F5859325772E33002D205C /* HMAlertContainerView.swift in Sources */,
				469C19BF2573EEDB0029B9C3 /* SceneDelegate.swift in Sources */,
			);
			runOnlyForDeploymentPostprocessing = 0;
		};
/* End PBXSourcesBuildPhase section */

/* Begin XCBuildConfiguration section */
		469C19CB2573EEDC0029B9C3 /* Debug */ = {
			isa = XCBuildConfiguration;
			buildSettings = {
				ALWAYS_SEARCH_USER_PATHS = NO;
				CLANG_ANALYZER_NONNULL = YES;
				CLANG_ANALYZER_NUMBER_OBJECT_CONVERSION = YES_AGGRESSIVE;
				CLANG_CXX_LANGUAGE_STANDARD = "gnu++14";
				CLANG_CXX_LIBRARY = "libc++";
				CLANG_ENABLE_MODULES = YES;
				CLANG_ENABLE_OBJC_ARC = YES;
				CLANG_ENABLE_OBJC_WEAK = YES;
				CLANG_WARN_BLOCK_CAPTURE_AUTORELEASING = YES;
				CLANG_WARN_BOOL_CONVERSION = YES;
				CLANG_WARN_COMMA = YES;
				CLANG_WARN_CONSTANT_CONVERSION = YES;
				CLANG_WARN_DEPRECATED_OBJC_IMPLEMENTATIONS = YES;
				CLANG_WARN_DIRECT_OBJC_ISA_USAGE = YES_ERROR;
				CLANG_WARN_DOCUMENTATION_COMMENTS = YES;
				CLANG_WARN_EMPTY_BODY = YES;
				CLANG_WARN_ENUM_CONVERSION = YES;
				CLANG_WARN_INFINITE_RECURSION = YES;
				CLANG_WARN_INT_CONVERSION = YES;
				CLANG_WARN_NON_LITERAL_NULL_CONVERSION = YES;
				CLANG_WARN_OBJC_IMPLICIT_RETAIN_SELF = YES;
				CLANG_WARN_OBJC_LITERAL_CONVERSION = YES;
				CLANG_WARN_OBJC_ROOT_CLASS = YES_ERROR;
				CLANG_WARN_QUOTED_INCLUDE_IN_FRAMEWORK_HEADER = YES;
				CLANG_WARN_RANGE_LOOP_ANALYSIS = YES;
				CLANG_WARN_STRICT_PROTOTYPES = YES;
				CLANG_WARN_SUSPICIOUS_MOVE = YES;
				CLANG_WARN_UNGUARDED_AVAILABILITY = YES_AGGRESSIVE;
				CLANG_WARN_UNREACHABLE_CODE = YES;
				CLANG_WARN__DUPLICATE_METHOD_MATCH = YES;
				COPY_PHASE_STRIP = NO;
				DEBUG_INFORMATION_FORMAT = dwarf;
				ENABLE_STRICT_OBJC_MSGSEND = YES;
				ENABLE_TESTABILITY = YES;
				GCC_C_LANGUAGE_STANDARD = gnu11;
				GCC_DYNAMIC_NO_PIC = NO;
				GCC_NO_COMMON_BLOCKS = YES;
				GCC_OPTIMIZATION_LEVEL = 0;
				GCC_PREPROCESSOR_DEFINITIONS = (
					"DEBUG=1",
					"$(inherited)",
				);
				GCC_WARN_64_TO_32_BIT_CONVERSION = YES;
				GCC_WARN_ABOUT_RETURN_TYPE = YES_ERROR;
				GCC_WARN_UNDECLARED_SELECTOR = YES;
				GCC_WARN_UNINITIALIZED_AUTOS = YES_AGGRESSIVE;
				GCC_WARN_UNUSED_FUNCTION = YES;
				GCC_WARN_UNUSED_VARIABLE = YES;
				IPHONEOS_DEPLOYMENT_TARGET = 14.2;
				MTL_ENABLE_DEBUG_INFO = INCLUDE_SOURCE;
				MTL_FAST_MATH = YES;
				ONLY_ACTIVE_ARCH = YES;
				SDKROOT = iphoneos;
				SWIFT_ACTIVE_COMPILATION_CONDITIONS = DEBUG;
				SWIFT_OPTIMIZATION_LEVEL = "-Onone";
			};
			name = Debug;
		};
		469C19CC2573EEDC0029B9C3 /* Release */ = {
			isa = XCBuildConfiguration;
			buildSettings = {
				ALWAYS_SEARCH_USER_PATHS = NO;
				CLANG_ANALYZER_NONNULL = YES;
				CLANG_ANALYZER_NUMBER_OBJECT_CONVERSION = YES_AGGRESSIVE;
				CLANG_CXX_LANGUAGE_STANDARD = "gnu++14";
				CLANG_CXX_LIBRARY = "libc++";
				CLANG_ENABLE_MODULES = YES;
				CLANG_ENABLE_OBJC_ARC = YES;
				CLANG_ENABLE_OBJC_WEAK = YES;
				CLANG_WARN_BLOCK_CAPTURE_AUTORELEASING = YES;
				CLANG_WARN_BOOL_CONVERSION = YES;
				CLANG_WARN_COMMA = YES;
				CLANG_WARN_CONSTANT_CONVERSION = YES;
				CLANG_WARN_DEPRECATED_OBJC_IMPLEMENTATIONS = YES;
				CLANG_WARN_DIRECT_OBJC_ISA_USAGE = YES_ERROR;
				CLANG_WARN_DOCUMENTATION_COMMENTS = YES;
				CLANG_WARN_EMPTY_BODY = YES;
				CLANG_WARN_ENUM_CONVERSION = YES;
				CLANG_WARN_INFINITE_RECURSION = YES;
				CLANG_WARN_INT_CONVERSION = YES;
				CLANG_WARN_NON_LITERAL_NULL_CONVERSION = YES;
				CLANG_WARN_OBJC_IMPLICIT_RETAIN_SELF = YES;
				CLANG_WARN_OBJC_LITERAL_CONVERSION = YES;
				CLANG_WARN_OBJC_ROOT_CLASS = YES_ERROR;
				CLANG_WARN_QUOTED_INCLUDE_IN_FRAMEWORK_HEADER = YES;
				CLANG_WARN_RANGE_LOOP_ANALYSIS = YES;
				CLANG_WARN_STRICT_PROTOTYPES = YES;
				CLANG_WARN_SUSPICIOUS_MOVE = YES;
				CLANG_WARN_UNGUARDED_AVAILABILITY = YES_AGGRESSIVE;
				CLANG_WARN_UNREACHABLE_CODE = YES;
				CLANG_WARN__DUPLICATE_METHOD_MATCH = YES;
				COPY_PHASE_STRIP = NO;
				DEBUG_INFORMATION_FORMAT = "dwarf-with-dsym";
				ENABLE_NS_ASSERTIONS = NO;
				ENABLE_STRICT_OBJC_MSGSEND = YES;
				GCC_C_LANGUAGE_STANDARD = gnu11;
				GCC_NO_COMMON_BLOCKS = YES;
				GCC_WARN_64_TO_32_BIT_CONVERSION = YES;
				GCC_WARN_ABOUT_RETURN_TYPE = YES_ERROR;
				GCC_WARN_UNDECLARED_SELECTOR = YES;
				GCC_WARN_UNINITIALIZED_AUTOS = YES_AGGRESSIVE;
				GCC_WARN_UNUSED_FUNCTION = YES;
				GCC_WARN_UNUSED_VARIABLE = YES;
				IPHONEOS_DEPLOYMENT_TARGET = 14.2;
				MTL_ENABLE_DEBUG_INFO = NO;
				MTL_FAST_MATH = YES;
				SDKROOT = iphoneos;
				SWIFT_COMPILATION_MODE = wholemodule;
				SWIFT_OPTIMIZATION_LEVEL = "-O";
				VALIDATE_PRODUCT = YES;
			};
			name = Release;
		};
		469C19CE2573EEDC0029B9C3 /* Debug */ = {
			isa = XCBuildConfiguration;
			buildSettings = {
				ASSETCATALOG_COMPILER_APPICON_NAME = AppIcon;
				ASSETCATALOG_COMPILER_GLOBAL_ACCENT_COLOR_NAME = AccentColor;
				CODE_SIGN_STYLE = Automatic;
				DEVELOPMENT_TEAM = 3XA87D77BQ;
				INFOPLIST_FILE = hangman/Info.plist;
				LD_RUNPATH_SEARCH_PATHS = (
					"$(inherited)",
					"@executable_path/Frameworks",
				);
				PRODUCT_BUNDLE_IDENTIFIER = com.racpsjcsp.hangman;
				PRODUCT_NAME = "$(TARGET_NAME)";
				SWIFT_VERSION = 5.0;
				TARGETED_DEVICE_FAMILY = 1;
			};
			name = Debug;
		};
		469C19CF2573EEDC0029B9C3 /* Release */ = {
			isa = XCBuildConfiguration;
			buildSettings = {
				ASSETCATALOG_COMPILER_APPICON_NAME = AppIcon;
				ASSETCATALOG_COMPILER_GLOBAL_ACCENT_COLOR_NAME = AccentColor;
				CODE_SIGN_STYLE = Automatic;
				DEVELOPMENT_TEAM = 3XA87D77BQ;
				INFOPLIST_FILE = hangman/Info.plist;
				LD_RUNPATH_SEARCH_PATHS = (
					"$(inherited)",
					"@executable_path/Frameworks",
				);
				PRODUCT_BUNDLE_IDENTIFIER = com.racpsjcsp.hangman;
				PRODUCT_NAME = "$(TARGET_NAME)";
				SWIFT_VERSION = 5.0;
				TARGETED_DEVICE_FAMILY = 1;
			};
			name = Release;
		};
/* End XCBuildConfiguration section */

/* Begin XCConfigurationList section */
		469C19B42573EEDB0029B9C3 /* Build configuration list for PBXProject "hangman" */ = {
			isa = XCConfigurationList;
			buildConfigurations = (
				469C19CB2573EEDC0029B9C3 /* Debug */,
				469C19CC2573EEDC0029B9C3 /* Release */,
			);
			defaultConfigurationIsVisible = 0;
			defaultConfigurationName = Release;
		};
		469C19CD2573EEDC0029B9C3 /* Build configuration list for PBXNativeTarget "hangman" */ = {
			isa = XCConfigurationList;
			buildConfigurations = (
				469C19CE2573EEDC0029B9C3 /* Debug */,
				469C19CF2573EEDC0029B9C3 /* Release */,
			);
			defaultConfigurationIsVisible = 0;
			defaultConfigurationName = Release;
		};
/* End XCConfigurationList section */
	};
	rootObject = 469C19B12573EEDB0029B9C3 /* Project object */;
}
